
Microsoft Visual Studio Solution File, Format Version 12.00
# Visual Studio Version 17
VisualStudioVersion = 17.0.31903.59
MinimumVisualStudioVersion = 10.0.40219.1
Project("{2150E333-8FDC-42A3-9474-1A3956D46DE8}") = "src", "src", "{F36BD266-CD75-4438-9BF9-CD91CDB18F2B}"
EndProject
Project("{9A19103F-16F7-4668-BE54-9A1E7A4F7556}") = "PaymentGateway.Api", "src\PaymentGateway.Api\PaymentGateway.Api.csproj", "{3CD9AAA2-2097-4874-9C40-FFDE26EE8E43}"
EndProject
Project("{2150E333-8FDC-42A3-9474-1A3956D46DE8}") = "test", "test", "{1EF69307-274F-458E-BBE8-4D390512A8C6}"
EndProject
Project("{9A19103F-16F7-4668-BE54-9A1E7A4F7556}") = "PaymentGateway.Api.Tests.Unit", "test\PaymentGateway.Api.Tests\PaymentGateway.Api.Tests.Unit.csproj", "{3A92D8D6-0359-4752-91AE-D8A59622518A}"
EndProject
Project("{9A19103F-16F7-4668-BE54-9A1E7A4F7556}") = "PaymentGateway.Domain", "src\PaymentGateway.Domain\PaymentGateway.Domain.csproj", "{257D0C75-6447-4258-ABEE-37847EEE459A}"
EndProject
Project("{9A19103F-16F7-4668-BE54-9A1E7A4F7556}") = "PaymentGateway.Application", "src\PaymentGateway.Application\PaymentGateway.Application.csproj", "{AC5BD65E-12CF-4B71-B644-6A416F96F482}"
EndProject
Project("{9A19103F-16F7-4668-BE54-9A1E7A4F7556}") = "PaymentGateway.Infrastructure", "src\PaymentGateway.Infrastructure\PaymentGateway.Infrastructure.csproj", "{2BBDD017-C23D-42D1-8EE3-67B41DEB38DD}"
EndProject
Project("{9A19103F-16F7-4668-BE54-9A1E7A4F7556}") = "PaymentGateway.Api.Tests.Integration", "test\PaymentGateway.Api.Tests.Integration\PaymentGateway.Api.Tests.Integration.csproj", "{CA304294-B2BB-449D-9094-DE2D20391C7F}"
EndProject
Project("{FAE04EC0-301F-11D3-BF4B-00C04F79EFBC}") = "PaymentGateway.Application.Tests.Unit", "test\PaymentGateway.Applications.Tests.Unit\PaymentGateway.Application.Tests.Unit.csproj", "{7BF0D0B7-32F2-494D-B740-EE6D67978F6F}"
EndProject
Global
	GlobalSection(SolutionConfigurationPlatforms) = preSolution
		Debug|Any CPU = Debug|Any CPU
		Release|Any CPU = Release|Any CPU
	EndGlobalSection
	GlobalSection(ProjectConfigurationPlatforms) = postSolution
		{3CD9AAA2-2097-4874-9C40-FFDE26EE8E43}.Debug|Any CPU.ActiveCfg = Debug|Any CPU
		{3CD9AAA2-2097-4874-9C40-FFDE26EE8E43}.Debug|Any CPU.Build.0 = Debug|Any CPU
		{3CD9AAA2-2097-4874-9C40-FFDE26EE8E43}.Release|Any CPU.ActiveCfg = Release|Any CPU
		{3CD9AAA2-2097-4874-9C40-FFDE26EE8E43}.Release|Any CPU.Build.0 = Release|Any CPU
		{3A92D8D6-0359-4752-91AE-D8A59622518A}.Debug|Any CPU.ActiveCfg = Debug|Any CPU
		{3A92D8D6-0359-4752-91AE-D8A59622518A}.Debug|Any CPU.Build.0 = Debug|Any CPU
		{3A92D8D6-0359-4752-91AE-D8A59622518A}.Release|Any CPU.ActiveCfg = Release|Any CPU
		{3A92D8D6-0359-4752-91AE-D8A59622518A}.Release|Any CPU.Build.0 = Release|Any CPU
		{257D0C75-6447-4258-ABEE-37847EEE459A}.Debug|Any CPU.ActiveCfg = Debug|Any CPU
		{257D0C75-6447-4258-ABEE-37847EEE459A}.Debug|Any CPU.Build.0 = Debug|Any CPU
		{257D0C75-6447-4258-ABEE-37847EEE459A}.Release|Any CPU.ActiveCfg = Release|Any CPU
		{257D0C75-6447-4258-ABEE-37847EEE459A}.Release|Any CPU.Build.0 = Release|Any CPU
		{AC5BD65E-12CF-4B71-B644-6A416F96F482}.Debug|Any CPU.ActiveCfg = Debug|Any CPU
		{AC5BD65E-12CF-4B71-B644-6A416F96F482}.Debug|Any CPU.Build.0 = Debug|Any CPU
		{AC5BD65E-12CF-4B71-B644-6A416F96F482}.Release|Any CPU.ActiveCfg = Release|Any CPU
		{AC5BD65E-12CF-4B71-B644-6A416F96F482}.Release|Any CPU.Build.0 = Release|Any CPU
		{2BBDD017-C23D-42D1-8EE3-67B41DEB38DD}.Debug|Any CPU.ActiveCfg = Debug|Any CPU
		{2BBDD017-C23D-42D1-8EE3-67B41DEB38DD}.Debug|Any CPU.Build.0 = Debug|Any CPU
		{2BBDD017-C23D-42D1-8EE3-67B41DEB38DD}.Release|Any CPU.ActiveCfg = Release|Any CPU
		{2BBDD017-C23D-42D1-8EE3-67B41DEB38DD}.Release|Any CPU.Build.0 = Release|Any CPU
		{CA304294-B2BB-449D-9094-DE2D20391C7F}.Debug|Any CPU.ActiveCfg = Debug|Any CPU
		{CA304294-B2BB-449D-9094-DE2D20391C7F}.Debug|Any CPU.Build.0 = Debug|Any CPU
		{CA304294-B2BB-449D-9094-DE2D20391C7F}.Release|Any CPU.ActiveCfg = Release|Any CPU
		{CA304294-B2BB-449D-9094-DE2D20391C7F}.Release|Any CPU.Build.0 = Release|Any CPU
		{7BF0D0B7-32F2-494D-B740-EE6D67978F6F}.Debug|Any CPU.ActiveCfg = Debug|Any CPU
		{7BF0D0B7-32F2-494D-B740-EE6D67978F6F}.Debug|Any CPU.Build.0 = Debug|Any CPU
		{7BF0D0B7-32F2-494D-B740-EE6D67978F6F}.Release|Any CPU.ActiveCfg = Release|Any CPU
		{7BF0D0B7-32F2-494D-B740-EE6D67978F6F}.Release|Any CPU.Build.0 = Release|Any CPU
	EndGlobalSection
	GlobalSection(SolutionProperties) = preSolution
		HideSolutionNode = FALSE
	EndGlobalSection
	GlobalSection(NestedProjects) = preSolution
		{3CD9AAA2-2097-4874-9C40-FFDE26EE8E43} = {F36BD266-CD75-4438-9BF9-CD91CDB18F2B}
		{3A92D8D6-0359-4752-91AE-D8A59622518A} = {1EF69307-274F-458E-BBE8-4D390512A8C6}
		{257D0C75-6447-4258-ABEE-37847EEE459A} = {F36BD266-CD75-4438-9BF9-CD91CDB18F2B}
		{AC5BD65E-12CF-4B71-B644-6A416F96F482} = {F36BD266-CD75-4438-9BF9-CD91CDB18F2B}
		{2BBDD017-C23D-42D1-8EE3-67B41DEB38DD} = {F36BD266-CD75-4438-9BF9-CD91CDB18F2B}
		{CA304294-B2BB-449D-9094-DE2D20391C7F} = {1EF69307-274F-458E-BBE8-4D390512A8C6}
		{7BF0D0B7-32F2-494D-B740-EE6D67978F6F} = {1EF69307-274F-458E-BBE8-4D390512A8C6}
	EndGlobalSection
	GlobalSection(ExtensibilityGlobals) = postSolution
		SolutionGuid = {BA51655C-4AF0-40FF-94D0-622A31DEEF96}
	EndGlobalSection
EndGlobal
